
Microsoft Visual Studio Solution File, Format Version 12.00
# Visual Studio Version 16
VisualStudioVersion = 16.0.31729.503
MinimumVisualStudioVersion = 10.0.40219.1
Project("{2150E333-8FDC-42A3-9474-1A3956D46DE8}") = "Services", "Services", "{F4C09A04-13A0-4B59-9B75-E702F967DCEB}"
EndProject
Project("{2150E333-8FDC-42A3-9474-1A3956D46DE8}") = "CustomerBanking", "CustomerBanking", "{94060272-A68A-4C4C-BAC0-EA5F6A8D1108}"
EndProject
Project("{FAE04EC0-301F-11D3-BF4B-00C04F79EFBC}") = "CustomerBanking.API", "Services\CustomerBanking\CustomerBanking.API\CustomerBanking.API.csproj", "{FA1ACDA7-AB47-4ACB-8805-8B392BEAC8C3}"
EndProject
Global
	GlobalSection(SolutionConfigurationPlatforms) = preSolution
		Debug|Any CPU = Debug|Any CPU
		Release|Any CPU = Release|Any CPU
	EndGlobalSection
	GlobalSection(ProjectConfigurationPlatforms) = postSolution
		{FA1ACDA7-AB47-4ACB-8805-8B392BEAC8C3}.Debug|Any CPU.ActiveCfg = Debug|Any CPU
		{FA1ACDA7-AB47-4ACB-8805-8B392BEAC8C3}.Debug|Any CPU.Build.0 = Debug|Any CPU
		{FA1ACDA7-AB47-4ACB-8805-8B392BEAC8C3}.Release|Any CPU.ActiveCfg = Release|Any CPU
		{FA1ACDA7-AB47-4ACB-8805-8B392BEAC8C3}.Release|Any CPU.Build.0 = Release|Any CPU
	EndGlobalSection
	GlobalSection(SolutionProperties) = preSolution
		HideSolutionNode = FALSE
	EndGlobalSection
	GlobalSection(NestedProjects) = preSolution
		{94060272-A68A-4C4C-BAC0-EA5F6A8D1108} = {F4C09A04-13A0-4B59-9B75-E702F967DCEB}
		{FA1ACDA7-AB47-4ACB-8805-8B392BEAC8C3} = {94060272-A68A-4C4C-BAC0-EA5F6A8D1108}
	EndGlobalSection
	GlobalSection(ExtensibilityGlobals) = postSolution
		SolutionGuid = {78487340-F056-436E-85E4-9CB5682728BE}
	EndGlobalSection
EndGlobal
